{
  "name": "ordsky-api",
  "version": "0.0.1",
  "lockfileVersion": 2,
  "requires": true,
  "packages": {
    "": {
      "name": "ordsky-api",
      "version": "0.0.1",
      "devDependencies": {
        "@types/aws-lambda": "^8.10.115",
        "@types/node": "^20.2.1",
        "typescript": "^5.0.4"
      }
    },
    "node_modules/@types/aws-lambda": {
      "version": "8.10.115",
      "resolved": "https://registry.npmjs.org/@types/aws-lambda/-/aws-lambda-8.10.115.tgz",
      "integrity": "sha512-kCZuFXKLV3y8NjSoaD5+qKTpRWvPz3uh3W/u1uwlw3Mg+MtaStg1NWgjAwUXo/VJDb6n6KF1ljykFNlNwEJ53Q==",
      "dev": true
    },
    "node_modules/@types/node": {
      "version": "20.2.1",
      "resolved": "https://registry.npmjs.org/@types/node/-/node-20.2.1.tgz",
      "integrity": "sha512-DqJociPbZP1lbZ5SQPk4oag6W7AyaGMO6gSfRwq3PWl4PXTwJpRQJhDq4W0kzrg3w6tJ1SwlvGZ5uKFHY13LIg==",
      "dev": true
    },
    "node_modules/typescript": {
      "version": "5.0.4",
      "resolved": "https://registry.npmjs.org/typescript/-/typescript-5.0.4.tgz",
      "integrity": "sha512-cW9T5W9xY37cc+jfEnaUvX91foxtHkza3Nw3wkoF4sSlKn0MONdkdEndig/qPBWXNkmplh3NzayQzCiHM4/hqw==",
      "dev": true,
      "bin": {
        "tsc": "bin/tsc",
        "tsserver": "bin/tsserver"
      },
      "engines": {
        "node": ">=12.20"
      }
    },
    "src/common/nodejs/gw-helpers": {
      "version": "1.0.0",
      "extraneous": true,
      "license": "ISC"
    }
  },
  "dependencies": {
    "@types/aws-lambda": {
      "version": "8.10.115",
      "resolved": "https://registry.npmjs.org/@types/aws-lambda/-/aws-lambda-8.10.115.tgz",
      "integrity": "sha512-kCZuFXKLV3y8NjSoaD5+qKTpRWvPz3uh3W/u1uwlw3Mg+MtaStg1NWgjAwUXo/VJDb6n6KF1ljykFNlNwEJ53Q==",
      "dev": true
    },
    "@types/node": {
      "version": "20.2.1",
      "resolved": "https://registry.npmjs.org/@types/node/-/node-20.2.1.tgz",
      "integrity": "sha512-DqJociPbZP1lbZ5SQPk4oag6W7AyaGMO6gSfRwq3PWl4PXTwJpRQJhDq4W0kzrg3w6tJ1SwlvGZ5uKFHY13LIg==",
      "dev": true
    },
    "typescript": {
      "version": "5.0.4",
      "resolved": "https://registry.npmjs.org/typescript/-/typescript-5.0.4.tgz",
      "integrity": "sha512-cW9T5W9xY37cc+jfEnaUvX91foxtHkza3Nw3wkoF4sSlKn0MONdkdEndig/qPBWXNkmplh3NzayQzCiHM4/hqw==",
      "dev": true
    }
  }
}
